<?xml version="1.0" encoding="utf-8"?>
<Project ToolsVersion="4.0" xmlns="http://schemas.microsoft.com/developer/msbuild/2003">
  <ItemGroup>
    <Filter Include="Source Files">
      <UniqueIdentifier>{4FC737F1-C7A5-4376-A066-2A32D752A2FF}</UniqueIdentifier>
      <Extensions>cpp;c;cc;cxx;c++;cppm;ixx;def;odl;idl;hpj;bat;asm;asmx</Extensions>
    </Filter>
    <Filter Include="Header Files">
      <UniqueIdentifier>{93995380-89BD-4b04-88EB-625FBE52EBFB}</UniqueIdentifier>
      <Extensions>h;hh;hpp;hxx;h++;hm;inl;inc;ipp;xsd</Extensions>
    </Filter>
    <Filter Include="Resource Files">
      <UniqueIdentifier>{67DA6AB6-F800-4c08-8B7A-83BB121AAD01}</UniqueIdentifier>
      <Extensions>rc;ico;cur;bmp;dlg;rc2;rct;bin;rgs;gif;jpg;jpeg;jpe;resx;tiff;tif;png;wav;mfcribbon-ms</Extensions>
    </Filter>
  </ItemGroup>
  <ItemGroup>
    <ClCompile Include="main.cpp">
      <Filter>Source Files</Filter>
    </ClCompile>
    <ClCompile Include="P6 Components\PhysicsWorld.cpp">
      <Filter>Source Files</Filter>
    </ClCompile>
    <ClCompile Include="P6 Components\PhysParticle.cpp">
      <Filter>Source Files</Filter>
    </ClCompile>
    <ClCompile Include="P6 Components\PhysVector.cpp">
      <Filter>Source Files</Filter>
    </ClCompile>
    <ClCompile Include="Utils.cpp">
      <Filter>Source Files</Filter>
    </ClCompile>
    <ClCompile Include="P6 Components\ForceGenerator.cpp">
      <Filter>Source Files</Filter>
    </ClCompile>
    <ClCompile Include="P6 Components\ForceRegistry.cpp">
      <Filter>Source Files</Filter>
    </ClCompile>
    <ClCompile Include="P6 Components\GravityForceGenerator.cpp">
      <Filter>Source Files</Filter>
    </ClCompile>
    <ClCompile Include="P6 Components\DragForceGenerator.cpp">
      <Filter>Source Files</Filter>
    </ClCompile>
    <ClCompile Include="P6 Components\Springs\AnchoredSpring.cpp">
      <Filter>Source Files</Filter>
    </ClCompile>
    <ClCompile Include="P6 Components\Springs\BungeeSpring.cpp">
      <Filter>Source Files</Filter>
    </ClCompile>
    <ClCompile Include="P6 Components\Collision\ParticleContact.cpp">
      <Filter>Source Files</Filter>
    </ClCompile>
    <ClCompile Include="P6 Components\Collision\ContactResolver.cpp">
      <Filter>Source Files</Filter>
    </ClCompile>
    <ClCompile Include="P6 Components\Links\ParticleLink.cpp">
      <Filter>Source Files</Filter>
    </ClCompile>
    <ClCompile Include="P6 Components\Links\Rod.cpp">
      <Filter>Source Files</Filter>
    </ClCompile>
    <ClCompile Include="P6 Components\RenderParticle.cpp">
      <Filter>Source Files</Filter>
    </ClCompile>
    <ClCompile Include="P6 Components\Rigidbodies\CircleRB.cpp">
      <Filter>Source Files</Filter>
    </ClCompile>
    <ClCompile Include="P6 Components\Rigidbodies\RectPrism.cpp">
      <Filter>Source Files</Filter>
    </ClCompile>
  </ItemGroup>
  <ItemGroup>
    <ClInclude Include="P6 Components\PhysicsWorld.h">
      <Filter>Header Files</Filter>
    </ClInclude>
    <ClInclude Include="P6 Components\PhysParticle.h">
      <Filter>Header Files</Filter>
    </ClInclude>
    <ClInclude Include="P6 Components\PhysVector.h">
      <Filter>Header Files</Filter>
    </ClInclude>
    <ClInclude Include="Utils.h">
      <Filter>Header Files</Filter>
    </ClInclude>
    <ClInclude Include="P6 Components\ForceGenerator.h">
      <Filter>Header Files</Filter>
    </ClInclude>
    <ClInclude Include="P6 Components\ForceRegistry.h">
      <Filter>Header Files</Filter>
    </ClInclude>
    <ClInclude Include="P6 Components\GravityForceGenerator.h">
      <Filter>Header Files</Filter>
    </ClInclude>
    <ClInclude Include="P6 Components\DragForceGenerator.h">
      <Filter>Header Files</Filter>
    </ClInclude>
    <ClInclude Include="P6 Components\Springs\AnchoredSpring.h">
      <Filter>Header Files</Filter>
    </ClInclude>
    <ClInclude Include="P6 Components\Springs\BungeeSpring.h">
      <Filter>Header Files</Filter>
    </ClInclude>
    <ClInclude Include="P6 Components\Collision\ParticleContact.h">
      <Filter>Header Files</Filter>
    </ClInclude>
    <ClInclude Include="P6 Components\Collision\ContactResolver.h">
      <Filter>Header Files</Filter>
    </ClInclude>
    <ClInclude Include="P6 Components\Links\ParticleLink.h">
      <Filter>Header Files</Filter>
    </ClInclude>
    <ClInclude Include="P6 Components\Links\Rod.h">
      <Filter>Header Files</Filter>
    </ClInclude>
    <ClInclude Include="P6 Components\RenderParticle.h">
      <Filter>Header Files</Filter>
    </ClInclude>
    <ClInclude Include="P6 Components\Rigidbodies\CircleRB.h">
      <Filter>Header Files</Filter>
    </ClInclude>
    <ClInclude Include="P6 Components\Rigidbodies\RectPrism.h">
      <Filter>Header Files</Filter>
    </ClInclude>
  </ItemGroup>
</Project>